
Microsoft Visual Studio Solution File, Format Version 12.00
# Visual Studio Version 16
VisualStudioVersion = 16.0.30503.244
MinimumVisualStudioVersion = 10.0.40219.1
Project("{FAE04EC0-301F-11D3-BF4B-00C04F79EFBC}") = "Classes_e_MetodosSelados", "Classes_e_MetodosSelados\Classes_e_MetodosSelados.csproj", "{50D7E811-903C-45DE-8F84-DD5D57EED90A}"
EndProject
Global
	GlobalSection(SolutionConfigurationPlatforms) = preSolution
		Debug|Any CPU = Debug|Any CPU
		Release|Any CPU = Release|Any CPU
	EndGlobalSection
	GlobalSection(ProjectConfigurationPlatforms) = postSolution
		{50D7E811-903C-45DE-8F84-DD5D57EED90A}.Debug|Any CPU.ActiveCfg = Debug|Any CPU
		{50D7E811-903C-45DE-8F84-DD5D57EED90A}.Debug|Any CPU.Build.0 = Debug|Any CPU
		{50D7E811-903C-45DE-8F84-DD5D57EED90A}.Release|Any CPU.ActiveCfg = Release|Any CPU
		{50D7E811-903C-45DE-8F84-DD5D57EED90A}.Release|Any CPU.Build.0 = Release|Any CPU
	EndGlobalSection
	GlobalSection(SolutionProperties) = preSolution
		HideSolutionNode = FALSE
	EndGlobalSection
	GlobalSection(ExtensibilityGlobals) = postSolution
		SolutionGuid = {C5A45342-B079-4992-8B2C-CB8FF78F8025}
	EndGlobalSection
EndGlobal
